
Microsoft Visual Studio Solution File, Format Version 12.00
# Visual Studio Version 17
VisualStudioVersion = 17.3.32922.545
MinimumVisualStudioVersion = 10.0.40219.1
Project("{FAE04EC0-301F-11D3-BF4B-00C04F79EFBC}") = "WebApp-Products", "WebApp-Products\WebApp-Products.csproj", "{E5C09BFE-07F6-496C-A88B-1F5F2FCD2DAA}"
EndProject
Global
	GlobalSection(SolutionConfigurationPlatforms) = preSolution
		Debug|Any CPU = Debug|Any CPU
		Release|Any CPU = Release|Any CPU
	EndGlobalSection
	GlobalSection(ProjectConfigurationPlatforms) = postSolution
		{E5C09BFE-07F6-496C-A88B-1F5F2FCD2DAA}.Debug|Any CPU.ActiveCfg = Debug|Any CPU
		{E5C09BFE-07F6-496C-A88B-1F5F2FCD2DAA}.Debug|Any CPU.Build.0 = Debug|Any CPU
		{E5C09BFE-07F6-496C-A88B-1F5F2FCD2DAA}.Release|Any CPU.ActiveCfg = Release|Any CPU
		{E5C09BFE-07F6-496C-A88B-1F5F2FCD2DAA}.Release|Any CPU.Build.0 = Release|Any CPU
	EndGlobalSection
	GlobalSection(SolutionProperties) = preSolution
		HideSolutionNode = FALSE
	EndGlobalSection
	GlobalSection(ExtensibilityGlobals) = postSolution
		SolutionGuid = {5926FDDB-C508-429E-BD32-FFEA0843D581}
	EndGlobalSection
EndGlobal
